
Microsoft Visual Studio Solution File, Format Version 12.00
# Visual Studio Version 17
VisualStudioVersion = 17.10.35122.118
MinimumVisualStudioVersion = 10.0.40219.1
Project("{FAE04EC0-301F-11D3-BF4B-00C04F79EFBC}") = "nadia", "nadia.csproj", "{AE9994E5-69A3-4485-A6C5-357CB9FDB295}"
EndProject
Global
	GlobalSection(SolutionConfigurationPlatforms) = preSolution
		Debug|Any CPU = Debug|Any CPU
		Release|Any CPU = Release|Any CPU
	EndGlobalSection
	GlobalSection(ProjectConfigurationPlatforms) = postSolution
		{AE9994E5-69A3-4485-A6C5-357CB9FDB295}.Debug|Any CPU.ActiveCfg = Debug|Any CPU
		{AE9994E5-69A3-4485-A6C5-357CB9FDB295}.Debug|Any CPU.Build.0 = Debug|Any CPU
		{AE9994E5-69A3-4485-A6C5-357CB9FDB295}.Release|Any CPU.ActiveCfg = Release|Any CPU
		{AE9994E5-69A3-4485-A6C5-357CB9FDB295}.Release|Any CPU.Build.0 = Release|Any CPU
	EndGlobalSection
	GlobalSection(SolutionProperties) = preSolution
		HideSolutionNode = FALSE
	EndGlobalSection
	GlobalSection(ExtensibilityGlobals) = postSolution
		SolutionGuid = {AE9710E0-5B67-4EEF-B154-59F3E349B119}
	EndGlobalSection
EndGlobal
